# This file is automatically @generated by Poetry 1.8.3 and should not be changed by hand.

[[package]]
name = "new-lib"
version = "0.0.1"
description = "yes"
optional = false
python-versions = "*"
files = [
    {file = "new_lib-0.0.1-py3-none-any.whl", hash = "sha256:54fd1076fa4f8efa7fec3b4664e1052222e5277af68cc5d0e3825bd698fda411"},
    {file = "new_lib-0.0.1.tar.gz", hash = "sha256:aa98206b4e0e8d6ece152b2c2612f34945e53d749855f69b9ed2c31f75038edb"},
]

[metadata]
lock-version = "2.0"
python-versions = "^3.11"
content-hash = "eff09d6b6f6c866d27b4ccfd930edfa2b08f273643f5effe5a5a8523860543df"
